<?xml version="1.0" encoding="utf-8"?>
<Project ToolsVersion="4.0" xmlns="http://schemas.microsoft.com/developer/msbuild/2003">
  <ItemGroup>
    <Filter Include="Source Files">
      <UniqueIdentifier>{961b9f08-3098-4fa6-a917-31f013c26877}</UniqueIdentifier>
      <Extensions>cpp;c;cxx;rc;def;r;odl;idl;hpj;bat</Extensions>
    </Filter>
    <Filter Include="Header Files">
      <UniqueIdentifier>{64a00c67-899c-4993-8bbb-3a0598f03803}</UniqueIdentifier>
      <Extensions>h;hpp;hxx;hm;inl</Extensions>
    </Filter>
    <Filter Include="Resource Files">
      <UniqueIdentifier>{a782c54c-adb5-4241-bad6-fe30f5f27fe1}</UniqueIdentifier>
      <Extensions>ico;cur;bmp;dlg;rc2;rct;bin;rgs;gif;jpg;jpeg;jpe</Extensions>
    </Filter>
  </ItemGroup>
  <ItemGroup>
    <ClCompile Include="Arc.cpp">
      <Filter>Source Files</Filter>
    </ClCompile>
    <ClCompile Include="Base.cpp">
      <Filter>Source Files</Filter>
    </ClCompile>
    <ClCompile Include="Bezier.cpp">
      <Filter>Source Files</Filter>
    </ClCompile>
    <ClCompile Include="BEZSURF.Cpp">
      <Filter>Source Files</Filter>
    </ClCompile>
    <ClCompile Include="BSpline3.cpp">
      <Filter>Source Files</Filter>
    </ClCompile>
    <ClCompile Include="ChgViewCmd.cpp">
      <Filter>Source Files</Filter>
    </ClCompile>
    <ClCompile Include="Circle.cpp">
      <Filter>Source Files</Filter>
    </ClCompile>
    <ClCompile Include="COMMAND.Cpp">
      <Filter>Source Files</Filter>
    </ClCompile>
    <ClCompile Include="CONNECT.CPP">
      <Filter>Source Files</Filter>
    </ClCompile>
    <ClCompile Include="CreateArc.cpp">
      <Filter>Source Files</Filter>
    </ClCompile>
    <ClCompile Include="CREATEBLOCK.CPP">
      <Filter>Source Files</Filter>
    </ClCompile>
    <ClCompile Include="CreateCircle.cpp">
      <Filter>Source Files</Filter>
    </ClCompile>
    <ClCompile Include="CREATECONNECT.CPP">
      <Filter>Source Files</Filter>
    </ClCompile>
    <ClCompile Include="CREATEELLIPSE.CPP">
      <Filter>Source Files</Filter>
    </ClCompile>
    <ClCompile Include="CreateFitCurve.cpp">
      <Filter>Source Files</Filter>
    </ClCompile>
    <ClCompile Include="CreateLine.cpp">
      <Filter>Source Files</Filter>
    </ClCompile>
    <ClCompile Include="CREATEPOLYGON.CPP">
      <Filter>Source Files</Filter>
    </ClCompile>
    <ClCompile Include="CreateRect.cpp">
      <Filter>Source Files</Filter>
    </ClCompile>
    <ClCompile Include="CREATETEXT.CPP">
      <Filter>Source Files</Filter>
    </ClCompile>
    <ClCompile Include="Dxf.cpp">
      <Filter>Source Files</Filter>
    </ClCompile>
    <ClCompile Include="ECT2DModelDlg.cpp">
      <Filter>Source Files</Filter>
    </ClCompile>
    <ClCompile Include="ELLIPSE.CPP">
      <Filter>Source Files</Filter>
    </ClCompile>
    <ClCompile Include="Entity.cpp">
      <Filter>Source Files</Filter>
    </ClCompile>
    <ClCompile Include="FlawAddDlg.cpp">
      <Filter>Source Files</Filter>
    </ClCompile>
    <ClCompile Include="GearParamDlg.cpp">
      <Filter>Source Files</Filter>
    </ClCompile>
    <ClCompile Include="InterDlg.cpp">
      <Filter>Source Files</Filter>
    </ClCompile>
    <ClCompile Include="Line.cpp">
      <Filter>Source Files</Filter>
    </ClCompile>
    <ClCompile Include="MainFrm.cpp">
      <Filter>Source Files</Filter>
    </ClCompile>
    <ClCompile Include="MBLOCK.CPP">
      <Filter>Source Files</Filter>
    </ClCompile>
    <ClCompile Include="MirrorCmd.cpp">
      <Filter>Source Files</Filter>
    </ClCompile>
    <ClCompile Include="MoveCmd.cpp">
      <Filter>Source Files</Filter>
    </ClCompile>
    <ClCompile Include="MTEXT.CPP">
      <Filter>Source Files</Filter>
    </ClCompile>
    <ClCompile Include="POLYGON.CPP">
      <Filter>Source Files</Filter>
    </ClCompile>
    <ClCompile Include="Preview.cpp">
      <Filter>Source Files</Filter>
    </ClCompile>
    <ClCompile Include="PropertyBar.cpp">
      <Filter>Source Files</Filter>
    </ClCompile>
    <ClCompile Include="RBSPSURF.Cpp">
      <Filter>Source Files</Filter>
    </ClCompile>
    <ClCompile Include="Rectangle.cpp">
      <Filter>Source Files</Filter>
    </ClCompile>
    <ClCompile Include="RotateCmd.cpp">
      <Filter>Source Files</Filter>
    </ClCompile>
    <ClCompile Include="Splash.cpp">
      <Filter>Source Files</Filter>
    </ClCompile>
    <ClCompile Include="SplineCuv.cpp">
      <Filter>Source Files</Filter>
    </ClCompile>
    <ClCompile Include="StdAfx.cpp">
      <Filter>Source Files</Filter>
    </ClCompile>
    <ClCompile Include="SYSMATH.CPP">
      <Filter>Source Files</Filter>
    </ClCompile>
    <ClCompile Include="TextInputDlg.cpp">
      <Filter>Source Files</Filter>
    </ClCompile>
    <ClCompile Include="VCad.cpp">
      <Filter>Source Files</Filter>
    </ClCompile>
    <ClCompile Include="VCadDoc.cpp">
      <Filter>Source Files</Filter>
    </ClCompile>
    <ClCompile Include="VCadView.cpp">
      <Filter>Source Files</Filter>
    </ClCompile>
    <ClCompile Include="FillColorCmd.cpp">
      <Filter>Source Files</Filter>
    </ClCompile>
    <ClCompile Include="FillPatternCmd.cpp">
      <Filter>Source Files</Filter>
    </ClCompile>
    <ClCompile Include="Fill.cpp">
      <Filter>Source Files</Filter>
    </ClCompile>
  </ItemGroup>
  <ItemGroup>
    <ResourceCompile Include="VCad.rc">
      <Filter>Source Files</Filter>
    </ResourceCompile>
  </ItemGroup>
  <ItemGroup>
    <ClInclude Include="Base.h">
      <Filter>Header Files</Filter>
    </ClInclude>
    <ClInclude Include="ChgViewCmd.h">
      <Filter>Header Files</Filter>
    </ClInclude>
    <ClInclude Include="Command.h">
      <Filter>Header Files</Filter>
    </ClInclude>
    <ClInclude Include="CreateCmd.h">
      <Filter>Header Files</Filter>
    </ClInclude>
    <ClInclude Include="Dxf.h">
      <Filter>Header Files</Filter>
    </ClInclude>
    <ClInclude Include="Entity.h">
      <Filter>Header Files</Filter>
    </ClInclude>
    <ClInclude Include="GearParamDlg.h">
      <Filter>Header Files</Filter>
    </ClInclude>
    <ClInclude Include="InterDlg.h">
      <Filter>Header Files</Filter>
    </ClInclude>
    <ClInclude Include="MainFrm.h">
      <Filter>Header Files</Filter>
    </ClInclude>
    <ClInclude Include="ModifyCmd.h">
      <Filter>Header Files</Filter>
    </ClInclude>
    <ClInclude Include="PropertyBar.h">
      <Filter>Header Files</Filter>
    </ClInclude>
    <ClInclude Include="Resource.h">
      <Filter>Header Files</Filter>
    </ClInclude>
    <ClInclude Include="Splash.h">
      <Filter>Header Files</Filter>
    </ClInclude>
    <ClInclude Include="StdAfx.h">
      <Filter>Header Files</Filter>
    </ClInclude>
    <ClInclude Include="sysmath.h">
      <Filter>Header Files</Filter>
    </ClInclude>
    <ClInclude Include="TextInputDlg.h">
      <Filter>Header Files</Filter>
    </ClInclude>
    <ClInclude Include="VCad.h">
      <Filter>Header Files</Filter>
    </ClInclude>
    <ClInclude Include="VCadDoc.h">
      <Filter>Header Files</Filter>
    </ClInclude>
    <ClInclude Include="VCadView.h">
      <Filter>Header Files</Filter>
    </ClInclude>
    <ClInclude Include="Fill.h">
      <Filter>Header Files</Filter>
    </ClInclude>
  </ItemGroup>
  <ItemGroup>
    <CustomBuild Include="RES\cur00001.cur">
      <Filter>Resource Files</Filter>
    </CustomBuild>
    <CustomBuild Include="RES\cur00002.cur">
      <Filter>Resource Files</Filter>
    </CustomBuild>
    <CustomBuild Include="RES\cur00003.cur">
      <Filter>Resource Files</Filter>
    </CustomBuild>
    <CustomBuild Include="RES\cur00004.cur">
      <Filter>Resource Files</Filter>
    </CustomBuild>
    <CustomBuild Include="RES\cur00005.cur">
      <Filter>Resource Files</Filter>
    </CustomBuild>
    <CustomBuild Include="RES\cur00006.cur">
      <Filter>Resource Files</Filter>
    </CustomBuild>
    <CustomBuild Include="RES\cur00007.cur">
      <Filter>Resource Files</Filter>
    </CustomBuild>
    <CustomBuild Include="RES\cur00008.cur">
      <Filter>Resource Files</Filter>
    </CustomBuild>
    <CustomBuild Include="RES\cur00009.cur">
      <Filter>Resource Files</Filter>
    </CustomBuild>
    <CustomBuild Include="res\cursor1.cur">
      <Filter>Resource Files</Filter>
    </CustomBuild>
    <CustomBuild Include="RES\cursor2.cur">
      <Filter>Resource Files</Filter>
    </CustomBuild>
    <CustomBuild Include="res\draw_arc.cur">
      <Filter>Resource Files</Filter>
    </CustomBuild>
    <CustomBuild Include="res\draw_cir.cur">
      <Filter>Resource Files</Filter>
    </CustomBuild>
    <CustomBuild Include="res\draw_lin.cur">
      <Filter>Resource Files</Filter>
    </CustomBuild>
    <CustomBuild Include="res\draw_rec.cur">
      <Filter>Resource Files</Filter>
    </CustomBuild>
    <CustomBuild Include="res\modify.bmp">
      <Filter>Resource Files</Filter>
    </CustomBuild>
    <CustomBuild Include="res\prompt_c.cur">
      <Filter>Resource Files</Filter>
    </CustomBuild>
    <CustomBuild Include="res\prompt_l.cur">
      <Filter>Resource Files</Filter>
    </CustomBuild>
    <CustomBuild Include="res\prompt_r.cur">
      <Filter>Resource Files</Filter>
    </CustomBuild>
    <CustomBuild Include="res\property.bmp">
      <Filter>Resource Files</Filter>
    </CustomBuild>
    <CustomBuild Include="Splsh16.bmp">
      <Filter>Resource Files</Filter>
    </CustomBuild>
    <CustomBuild Include="res\Toolbar.bmp">
      <Filter>Resource Files</Filter>
    </CustomBuild>
    <CustomBuild Include="res\toolbar1.bmp">
      <Filter>Resource Files</Filter>
    </CustomBuild>
    <CustomBuild Include="res\VCad.ico">
      <Filter>Resource Files</Filter>
    </CustomBuild>
    <CustomBuild Include="res\VCad.rc2">
      <Filter>Resource Files</Filter>
    </CustomBuild>
    <CustomBuild Include="res\VCadDoc.ico">
      <Filter>Resource Files</Filter>
    </CustomBuild>
    <CustomBuild Include="res\view.bmp">
      <Filter>Resource Files</Filter>
    </CustomBuild>
    <CustomBuild Include="RES\view_2d.bmp">
      <Filter>Resource Files</Filter>
    </CustomBuild>
    <CustomBuild Include="ReadMe.txt" />
  </ItemGroup>
</Project>